Microsoft Visual Studio Solution File, Format Version 12.00
# Visual Studio 14
VisualStudioVersion = 14.0.25420.1
MinimumVisualStudioVersion = 10.0.40219.1
Project("{FAE04EC0-301F-11D3-BF4B-00C04F79EFBC}") = "Testing", "Testing.csproj", "{042ECE90-B1A7-11E6-AF5D-1F64E8D10B01}"
EndProject
Project("{FAE04EC0-301F-11D3-BF4B-00C04F79EFBC}") = "Testing.Tests", "Testing.Tests\Testing.Tests.csproj", "{042ECE91-B1A7-11E6-AF5D-1F64E8D10B01}"
EndProject
Project("{2150E333-8FDC-42A3-9474-1A3956D46DE8}") = ".nuget", ".nuget", "{8ACBCD7D-F1FD-4292-B992-DC17A24E7CB7}"
	ProjectSection(SolutionItems) = preProject
		.nuget\nuget.config = .nuget\nuget.config
	EndProjectSection
EndProject
Project("{2150E333-8FDC-42A3-9474-1A3956D46DE8}") = "Solution Items", "Solution Items", "{466011BC-3533-4CB1-82B5-5034C0063977}"
	ProjectSection(SolutionItems) = preProject
		CustomDictionary.xml = CustomDictionary.xml
	EndProjectSection
EndProject
Global
	GlobalSection(SolutionConfigurationPlatforms) = preSolution
		Debug|Any CPU = Debug|Any CPU
		Release|Any CPU = Release|Any CPU
	EndGlobalSection
	GlobalSection(ProjectConfigurationPlatforms) = postSolution
		{042ECE90-B1A7-11E6-AF5D-1F64E8D10B01}.Debug|Any CPU.ActiveCfg = Debug|Any CPU
		{042ECE90-B1A7-11E6-AF5D-1F64E8D10B01}.Debug|Any CPU.Build.0 = Debug|Any CPU
		{042ECE90-B1A7-11E6-AF5D-1F64E8D10B01}.Release|Any CPU.ActiveCfg = Release|Any CPU
		{042ECE90-B1A7-11E6-AF5D-1F64E8D10B01}.Release|Any CPU.Build.0 = Release|Any CPU
		{042ECE91-B1A7-11E6-AF5D-1F64E8D10B01}.Debug|Any CPU.ActiveCfg = Debug|Any CPU
		{042ECE91-B1A7-11E6-AF5D-1F64E8D10B01}.Debug|Any CPU.Build.0 = Debug|Any CPU
		{042ECE91-B1A7-11E6-AF5D-1F64E8D10B01}.Release|Any CPU.ActiveCfg = Release|Any CPU
		{042ECE91-B1A7-11E6-AF5D-1F64E8D10B01}.Release|Any CPU.Build.0 = Release|Any CPU
	EndGlobalSection
	GlobalSection(SolutionProperties) = preSolution
		HideSolutionNode = FALSE
	EndGlobalSection
EndGlobal
